
Microsoft Visual Studio Solution File, Format Version 12.00
# Visual Studio Version 17
VisualStudioVersion = 17.10.35004.147
MinimumVisualStudioVersion = 10.0.40219.1
Project("{FAE04EC0-301F-11D3-BF4B-00C04F79EFBC}") = "Tp4AplicacionesMoviles", "Tp4AplicacionesMoviles.csproj", "{9C16DC67-EAFF-49DF-8E8B-84B5C0FD6029}"
EndProject
Global
	GlobalSection(SolutionConfigurationPlatforms) = preSolution
		Debug|Any CPU = Debug|Any CPU
		Release|Any CPU = Release|Any CPU
	EndGlobalSection
	GlobalSection(ProjectConfigurationPlatforms) = postSolution
		{9C16DC67-EAFF-49DF-8E8B-84B5C0FD6029}.Debug|Any CPU.ActiveCfg = Debug|Any CPU
		{9C16DC67-EAFF-49DF-8E8B-84B5C0FD6029}.Debug|Any CPU.Build.0 = Debug|Any CPU
		{9C16DC67-EAFF-49DF-8E8B-84B5C0FD6029}.Debug|Any CPU.Deploy.0 = Debug|Any CPU
		{9C16DC67-EAFF-49DF-8E8B-84B5C0FD6029}.Release|Any CPU.ActiveCfg = Release|Any CPU
		{9C16DC67-EAFF-49DF-8E8B-84B5C0FD6029}.Release|Any CPU.Build.0 = Release|Any CPU
		{9C16DC67-EAFF-49DF-8E8B-84B5C0FD6029}.Release|Any CPU.Deploy.0 = Release|Any CPU
	EndGlobalSection
	GlobalSection(SolutionProperties) = preSolution
		HideSolutionNode = FALSE
	EndGlobalSection
	GlobalSection(ExtensibilityGlobals) = postSolution
		SolutionGuid = {E6CC5AC9-C970-46D7-81C1-1702F64E8165}
	EndGlobalSection
EndGlobal
